
Microsoft Visual Studio Solution File, Format Version 12.00
# Visual Studio Version 17
VisualStudioVersion = 17.5.33414.496
MinimumVisualStudioVersion = 10.0.40219.1
Project("{FAE04EC0-301F-11D3-BF4B-00C04F79EFBC}") = "algorithm", "algorithm\algorithm.csproj", "{E9475021-A309-4733-A36E-D770309E5AB6}"
EndProject
Global
	GlobalSection(SolutionConfigurationPlatforms) = preSolution
		Debug|Any CPU = Debug|Any CPU
		Release|Any CPU = Release|Any CPU
	EndGlobalSection
	GlobalSection(ProjectConfigurationPlatforms) = postSolution
		{E9475021-A309-4733-A36E-D770309E5AB6}.Debug|Any CPU.ActiveCfg = Debug|Any CPU
		{E9475021-A309-4733-A36E-D770309E5AB6}.Debug|Any CPU.Build.0 = Debug|Any CPU
		{E9475021-A309-4733-A36E-D770309E5AB6}.Release|Any CPU.ActiveCfg = Release|Any CPU
		{E9475021-A309-4733-A36E-D770309E5AB6}.Release|Any CPU.Build.0 = Release|Any CPU
	EndGlobalSection
	GlobalSection(SolutionProperties) = preSolution
		HideSolutionNode = FALSE
	EndGlobalSection
	GlobalSection(ExtensibilityGlobals) = postSolution
		SolutionGuid = {AC691B1A-D44F-453E-B2D2-4A5B4E606F14}
	EndGlobalSection
EndGlobal
